
Microsoft Visual Studio Solution File, Format Version 12.00
# Visual Studio Version 17
VisualStudioVersion = 17.1.32319.34
MinimumVisualStudioVersion = 10.0.40219.1
Project("{FAE04EC0-301F-11D3-BF4B-00C04F79EFBC}") = "DatabaseManipulationFinal", "DatabaseManipulationFinal\DatabaseManipulationFinal.csproj", "{D63C9BB9-1063-4FDB-A9BC-68F5754F6483}"
EndProject
Global
	GlobalSection(SolutionConfigurationPlatforms) = preSolution
		Debug|Any CPU = Debug|Any CPU
		Release|Any CPU = Release|Any CPU
	EndGlobalSection
	GlobalSection(ProjectConfigurationPlatforms) = postSolution
		{D63C9BB9-1063-4FDB-A9BC-68F5754F6483}.Debug|Any CPU.ActiveCfg = Debug|Any CPU
		{D63C9BB9-1063-4FDB-A9BC-68F5754F6483}.Debug|Any CPU.Build.0 = Debug|Any CPU
		{D63C9BB9-1063-4FDB-A9BC-68F5754F6483}.Release|Any CPU.ActiveCfg = Release|Any CPU
		{D63C9BB9-1063-4FDB-A9BC-68F5754F6483}.Release|Any CPU.Build.0 = Release|Any CPU
	EndGlobalSection
	GlobalSection(SolutionProperties) = preSolution
		HideSolutionNode = FALSE
	EndGlobalSection
	GlobalSection(ExtensibilityGlobals) = postSolution
		SolutionGuid = {CE228F21-8A2A-4A26-87D1-47393E864474}
	EndGlobalSection
EndGlobal
